
Microsoft Visual Studio Solution File, Format Version 12.00
# Visual Studio Version 17
VisualStudioVersion = 17.5.33530.505
MinimumVisualStudioVersion = 10.0.40219.1
Project("{FAE04EC0-301F-11D3-BF4B-00C04F79EFBC}") = "WindowsApp", "WindowsApp\WindowsApp.csproj", "{6934359F-CCFD-411E-88AA-DA3A5DF96431}"
EndProject
Project("{FAE04EC0-301F-11D3-BF4B-00C04F79EFBC}") = "Persistence", "Persistence\Persistence.csproj", "{BF6A16CF-3959-4A60-8D51-74F7D5A2EF6A}"
EndProject
Project("{FAE04EC0-301F-11D3-BF4B-00C04F79EFBC}") = "Domain", "Domain\Domain.csproj", "{308F6813-00DD-48E9-A619-E0A4C73CB949}"
EndProject
Project("{FAE04EC0-301F-11D3-BF4B-00C04F79EFBC}") = "Business", "Business\Business.csproj", "{C6C39903-FB0D-43FB-813D-837BF0DD7C7A}"
EndProject
Project("{FAE04EC0-301F-11D3-BF4B-00C04F79EFBC}") = "Core", "Core\Core.csproj", "{A428212D-016F-4A3A-A012-7A09FAE4AFE2}"
EndProject
Global
	GlobalSection(SolutionConfigurationPlatforms) = preSolution
		Debug|Any CPU = Debug|Any CPU
		Release|Any CPU = Release|Any CPU
	EndGlobalSection
	GlobalSection(ProjectConfigurationPlatforms) = postSolution
		{6934359F-CCFD-411E-88AA-DA3A5DF96431}.Debug|Any CPU.ActiveCfg = Debug|Any CPU
		{6934359F-CCFD-411E-88AA-DA3A5DF96431}.Debug|Any CPU.Build.0 = Debug|Any CPU
		{6934359F-CCFD-411E-88AA-DA3A5DF96431}.Release|Any CPU.ActiveCfg = Release|Any CPU
		{6934359F-CCFD-411E-88AA-DA3A5DF96431}.Release|Any CPU.Build.0 = Release|Any CPU
		{BF6A16CF-3959-4A60-8D51-74F7D5A2EF6A}.Debug|Any CPU.ActiveCfg = Debug|Any CPU
		{BF6A16CF-3959-4A60-8D51-74F7D5A2EF6A}.Debug|Any CPU.Build.0 = Debug|Any CPU
		{BF6A16CF-3959-4A60-8D51-74F7D5A2EF6A}.Release|Any CPU.ActiveCfg = Release|Any CPU
		{BF6A16CF-3959-4A60-8D51-74F7D5A2EF6A}.Release|Any CPU.Build.0 = Release|Any CPU
		{308F6813-00DD-48E9-A619-E0A4C73CB949}.Debug|Any CPU.ActiveCfg = Debug|Any CPU
		{308F6813-00DD-48E9-A619-E0A4C73CB949}.Debug|Any CPU.Build.0 = Debug|Any CPU
		{308F6813-00DD-48E9-A619-E0A4C73CB949}.Release|Any CPU.ActiveCfg = Release|Any CPU
		{308F6813-00DD-48E9-A619-E0A4C73CB949}.Release|Any CPU.Build.0 = Release|Any CPU
		{C6C39903-FB0D-43FB-813D-837BF0DD7C7A}.Debug|Any CPU.ActiveCfg = Debug|Any CPU
		{C6C39903-FB0D-43FB-813D-837BF0DD7C7A}.Debug|Any CPU.Build.0 = Debug|Any CPU
		{C6C39903-FB0D-43FB-813D-837BF0DD7C7A}.Release|Any CPU.ActiveCfg = Release|Any CPU
		{C6C39903-FB0D-43FB-813D-837BF0DD7C7A}.Release|Any CPU.Build.0 = Release|Any CPU
		{A428212D-016F-4A3A-A012-7A09FAE4AFE2}.Debug|Any CPU.ActiveCfg = Debug|Any CPU
		{A428212D-016F-4A3A-A012-7A09FAE4AFE2}.Debug|Any CPU.Build.0 = Debug|Any CPU
		{A428212D-016F-4A3A-A012-7A09FAE4AFE2}.Release|Any CPU.ActiveCfg = Release|Any CPU
		{A428212D-016F-4A3A-A012-7A09FAE4AFE2}.Release|Any CPU.Build.0 = Release|Any CPU
	EndGlobalSection
	GlobalSection(SolutionProperties) = preSolution
		HideSolutionNode = FALSE
	EndGlobalSection
	GlobalSection(ExtensibilityGlobals) = postSolution
		SolutionGuid = {B94FDF5D-1192-46F8-AD6F-269797309D04}
	EndGlobalSection
EndGlobal
